
Microsoft Visual Studio Solution File, Format Version 12.00
# Visual Studio Version 17
VisualStudioVersion = 17.9.34701.34
MinimumVisualStudioVersion = 10.0.40219.1
Project("{9A19103F-16F7-4668-BE54-9A1E7A4F7556}") = "MedicalEquipmentApp", "MedicalEquipmentApp\MedicalEquipmentApp.csproj", "{D2BF6686-CF9F-4352-A94E-B02A3F7376E1}"
EndProject
Project("{9A19103F-16F7-4668-BE54-9A1E7A4F7556}") = "MedicalEquipmentApp.Infrastructure", "MedicalEquipment.Infrastructure\MedicalEquipmentApp.Infrastructure.csproj", "{A5C1C645-C569-4A13-BDBB-7A47B0275EE8}"
EndProject
Project("{FAE04EC0-301F-11D3-BF4B-00C04F79EFBC}") = "MedicalEquipmentApp.Core", "MedicalEquipmentApp.Core\MedicalEquipmentApp.Core.csproj", "{5F325880-AA89-4D2E-8136-C1FB34801D2A}"
EndProject
Global
	GlobalSection(SolutionConfigurationPlatforms) = preSolution
		Debug|Any CPU = Debug|Any CPU
		Release|Any CPU = Release|Any CPU
	EndGlobalSection
	GlobalSection(ProjectConfigurationPlatforms) = postSolution
		{D2BF6686-CF9F-4352-A94E-B02A3F7376E1}.Debug|Any CPU.ActiveCfg = Debug|Any CPU
		{D2BF6686-CF9F-4352-A94E-B02A3F7376E1}.Debug|Any CPU.Build.0 = Debug|Any CPU
		{D2BF6686-CF9F-4352-A94E-B02A3F7376E1}.Release|Any CPU.ActiveCfg = Release|Any CPU
		{D2BF6686-CF9F-4352-A94E-B02A3F7376E1}.Release|Any CPU.Build.0 = Release|Any CPU
		{A5C1C645-C569-4A13-BDBB-7A47B0275EE8}.Debug|Any CPU.ActiveCfg = Debug|Any CPU
		{A5C1C645-C569-4A13-BDBB-7A47B0275EE8}.Debug|Any CPU.Build.0 = Debug|Any CPU
		{A5C1C645-C569-4A13-BDBB-7A47B0275EE8}.Release|Any CPU.ActiveCfg = Release|Any CPU
		{A5C1C645-C569-4A13-BDBB-7A47B0275EE8}.Release|Any CPU.Build.0 = Release|Any CPU
		{5F325880-AA89-4D2E-8136-C1FB34801D2A}.Debug|Any CPU.ActiveCfg = Debug|Any CPU
		{5F325880-AA89-4D2E-8136-C1FB34801D2A}.Debug|Any CPU.Build.0 = Debug|Any CPU
		{5F325880-AA89-4D2E-8136-C1FB34801D2A}.Release|Any CPU.ActiveCfg = Release|Any CPU
		{5F325880-AA89-4D2E-8136-C1FB34801D2A}.Release|Any CPU.Build.0 = Release|Any CPU
	EndGlobalSection
	GlobalSection(SolutionProperties) = preSolution
		HideSolutionNode = FALSE
	EndGlobalSection
	GlobalSection(ExtensibilityGlobals) = postSolution
		SolutionGuid = {3AB1FE95-E3FA-4B7D-A05D-0D85B7BC4EDA}
	EndGlobalSection
EndGlobal
